
Microsoft Visual Studio Solution File, Format Version 12.00
# Visual Studio Version 17
VisualStudioVersion = 17.12.35527.113
MinimumVisualStudioVersion = 10.0.40219.1
Project("{FAE04EC0-301F-11D3-BF4B-00C04F79EFBC}") = "01StandardDotNetTemplate", "01StandardDotNetTemplate\01StandardDotNetTemplate.csproj", "{F67D5BC9-61DF-4A4B-9C09-84F5C29B6EBC}"
EndProject
Project("{FAE04EC0-301F-11D3-BF4B-00C04F79EFBC}") = "02CoreConsoleTemplate", "02CoreConsoleTemplate\02CoreConsoleTemplate.csproj", "{FFF76030-6078-46CD-AC83-B41144B9994E}"
EndProject
Project("{FAE04EC0-301F-11D3-BF4B-00C04F79EFBC}") = "03BasicsandDatatypes", "03BasicsandDatatypes\03BasicsandDatatypes.csproj", "{E763C1D4-8F94-438F-9887-E5715AA47F88}"
EndProject
Project("{FAE04EC0-301F-11D3-BF4B-00C04F79EFBC}") = "04OOPBasics", "04OOPBasics\04OOPBasics.csproj", "{F5E8BAD7-255C-4293-AF24-09790647F04A}"
EndProject
Project("{FAE04EC0-301F-11D3-BF4B-00C04F79EFBC}") = "05OOPInterface", "05OOPInterface\05OOPInterface.csproj", "{4371E042-526D-412B-90CF-EDD64A241AA7}"
EndProject
Project("{FAE04EC0-301F-11D3-BF4B-00C04F79EFBC}") = "06OOPInterface2", "06OOPInterface2\06OOPInterface2.csproj", "{618E239B-DAAC-4669-B71F-5E186B2601E4}"
EndProject
Project("{FAE04EC0-301F-11D3-BF4B-00C04F79EFBC}") = "07OOPAbstract", "07OOPAbstract\07OOPAbstract.csproj", "{4B12FBCC-026D-4776-98F2-E9E30E2E7791}"
EndProject
Project("{FAE04EC0-301F-11D3-BF4B-00C04F79EFBC}") = "08OOPLogger", "08OOPLogger\08OOPLogger.csproj", "{6C8034B2-10C4-413B-B583-2584961908D4}"
EndProject
Project("{FAE04EC0-301F-11D3-BF4B-00C04F79EFBC}") = "09OOPNotepad", "09OOPNotepad\09OOPNotepad.csproj", "{8FEBBC03-681F-4F8F-9EE8-FD79919E9560}"
EndProject
Project("{FAE04EC0-301F-11D3-BF4B-00C04F79EFBC}") = "10OOPProperties", "10OOPProperties\10OOPProperties.csproj", "{4865E2D7-61A9-4472-9DC4-421B06FFEC20}"
EndProject
Project("{FAE04EC0-301F-11D3-BF4B-00C04F79EFBC}") = "11ClickEvent", "11ClickEvent\11ClickEvent.csproj", "{16D7E923-4FF2-4118-B322-9F5D9A12EA7E}"
EndProject
Project("{FAE04EC0-301F-11D3-BF4B-00C04F79EFBC}") = "12Delegate", "12Delegate\12Delegate.csproj", "{49233F3C-CD78-4DF0-B156-C2306381F1C0}"
EndProject
Project("{FAE04EC0-301F-11D3-BF4B-00C04F79EFBC}") = "13Events", "13Events\13Events.csproj", "{2498E57D-F9F2-4976-A21D-ABC113D8D81C}"
EndProject
Project("{FAE04EC0-301F-11D3-BF4B-00C04F79EFBC}") = "14Collections", "14Collections\14Collections.csproj", "{65632813-F0F0-4276-84DC-2C37AFC6CD34}"
EndProject
Project("{FAE04EC0-301F-11D3-BF4B-00C04F79EFBC}") = "15Generic", "15GenericCollection\15Generic.csproj", "{38D00FB2-626A-4272-9F75-810DAA2DBC39}"
EndProject
Project("{FAE04EC0-301F-11D3-BF4B-00C04F79EFBC}") = "16GenericCollections", "16GenericCollections\16GenericCollections.csproj", "{5027D579-3674-4654-A419-DE734ABBB594}"
EndProject
Project("{FAE04EC0-301F-11D3-BF4B-00C04F79EFBC}") = "17MyLib", "17MyLib\17MyLib.csproj", "{DDB60A5D-E635-4A51-A020-08BDDE2233BE}"
EndProject
Project("{FAE04EC0-301F-11D3-BF4B-00C04F79EFBC}") = "18HostForMyLib", "18HostForMyLib\18HostForMyLib.csproj", "{C6CDB61A-B425-48B0-ABFB-616655984151}"
EndProject
Project("{FAE04EC0-301F-11D3-BF4B-00C04F79EFBC}") = "19FileIOSerialization", "19FileIOSerialization\19FileIOSerialization.csproj", "{BC3FBACB-E5A0-41DF-82A3-A28BA7AAE9A5}"
EndProject
Project("{FAE04EC0-301F-11D3-BF4B-00C04F79EFBC}") = "20CMathLib", "20CMathLib\20CMathLib.csproj", "{89F2A07D-CB4B-490C-A9BE-552678540458}"
EndProject
Project("{FAE04EC0-301F-11D3-BF4B-00C04F79EFBC}") = "21Reflection", "21Reflection\21Reflection.csproj", "{B9407C5C-EC30-4C75-B96C-B5CA140D4A5C}"
EndProject
Project("{FAE04EC0-301F-11D3-BF4B-00C04F79EFBC}") = "22CompanyInfoLib", "22CompanyInfoLib\22CompanyInfoLib.csproj", "{41D6D367-7190-45A8-AF7C-8BBAEF28AAD7}"
EndProject
Project("{FAE04EC0-301F-11D3-BF4B-00C04F79EFBC}") = "23DemoLib", "23DemoLib\23DemoLib.csproj", "{D14BA9E9-CB7E-49FF-840A-18B1B8567E45}"
EndProject
Project("{FAE04EC0-301F-11D3-BF4B-00C04F79EFBC}") = "24CustomAttributeComapny", "24CustomAttributeComapny\24CustomAttributeComapny.csproj", "{9BA45C92-1475-4BE9-B4AA-B6692A14F65A}"
EndProject
Project("{FAE04EC0-301F-11D3-BF4B-00C04F79EFBC}") = "25ReflectionCreateTable", "25ReflectionCreateTable\25ReflectionCreateTable.csproj", "{ECCD95DC-2E45-42E7-99C0-7229E63664FB}"
EndProject
Project("{FAE04EC0-301F-11D3-BF4B-00C04F79EFBC}") = "26EmpLib", "26EmpLib\26EmpLib.csproj", "{6DDD4569-14CB-4EA3-8ADF-111DFC9E3327}"
EndProject
Project("{FAE04EC0-301F-11D3-BF4B-00C04F79EFBC}") = "27DBAttributeLib", "27DBAttributeLib\27DBAttributeLib.csproj", "{E962C870-803D-44D8-A431-8AB118EEE545}"
EndProject
Project("{FAE04EC0-301F-11D3-BF4B-00C04F79EFBC}") = "28CSharpFeatures", "28CSharpFeatures\28CSharpFeatures.csproj", "{49B3F8DB-62C8-4BBE-A1EC-85EA695A0874}"
EndProject
Project("{FAE04EC0-301F-11D3-BF4B-00C04F79EFBC}") = "29LINQ", "29LINQ\29LINQ.csproj", "{749309C9-AA5A-464C-BE5D-1955A394AF69}"
EndProject
Project("{FAE04EC0-301F-11D3-BF4B-00C04F79EFBC}") = "30LINQ", "30LINQ\30LINQ.csproj", "{2AB58242-3192-494B-BBCF-2F5DE56B788F}"
EndProject
Project("{FAE04EC0-301F-11D3-BF4B-00C04F79EFBC}") = "31ConnectedArchitetureDb", "31ConnectedArchitetureDb\31ConnectedArchitetureDb.csproj", "{C4726FAC-B1CA-4792-B9B6-4A774558BF0A}"
EndProject
Project("{FAE04EC0-301F-11D3-BF4B-00C04F79EFBC}") = "32DisconnectedArchitectureDB", "32DisconnectedArchitectureDB\32DisconnectedArchitectureDB.csproj", "{14B97764-21DC-4933-BC58-CF7B6FBDF5E1}"
EndProject
Project("{FAE04EC0-301F-11D3-BF4B-00C04F79EFBC}") = "33ConnectedWithDataset", "33ConnectedWithDataset\33ConnectedWithDataset.csproj", "{18441743-B844-432B-99F6-3AA2E96CDAC0}"
EndProject
Project("{FAE04EC0-301F-11D3-BF4B-00C04F79EFBC}") = "34EntityFramework", "34EntityFramework\34EntityFramework.csproj", "{6C7E53EB-6405-425B-A131-033D7D1B03D2}"
EndProject
Project("{FAE04EC0-301F-11D3-BF4B-00C04F79EFBC}") = "35Threading", "35Threading\35Threading.csproj", "{05606CAA-65A0-46F3-B5F3-8C644AA67F60}"
EndProject
Project("{FAE04EC0-301F-11D3-BF4B-00C04F79EFBC}") = "36Threading", "36Threading\36Threading.csproj", "{06716715-ABA4-4C64-89C8-59B01D0F9A9E}"
EndProject
Global
	GlobalSection(SolutionConfigurationPlatforms) = preSolution
		Debug|Any CPU = Debug|Any CPU
		Release|Any CPU = Release|Any CPU
	EndGlobalSection
	GlobalSection(ProjectConfigurationPlatforms) = postSolution
		{F67D5BC9-61DF-4A4B-9C09-84F5C29B6EBC}.Debug|Any CPU.ActiveCfg = Debug|Any CPU
		{F67D5BC9-61DF-4A4B-9C09-84F5C29B6EBC}.Debug|Any CPU.Build.0 = Debug|Any CPU
		{F67D5BC9-61DF-4A4B-9C09-84F5C29B6EBC}.Release|Any CPU.ActiveCfg = Release|Any CPU
		{F67D5BC9-61DF-4A4B-9C09-84F5C29B6EBC}.Release|Any CPU.Build.0 = Release|Any CPU
		{FFF76030-6078-46CD-AC83-B41144B9994E}.Debug|Any CPU.ActiveCfg = Debug|Any CPU
		{FFF76030-6078-46CD-AC83-B41144B9994E}.Debug|Any CPU.Build.0 = Debug|Any CPU
		{FFF76030-6078-46CD-AC83-B41144B9994E}.Release|Any CPU.ActiveCfg = Release|Any CPU
		{FFF76030-6078-46CD-AC83-B41144B9994E}.Release|Any CPU.Build.0 = Release|Any CPU
		{E763C1D4-8F94-438F-9887-E5715AA47F88}.Debug|Any CPU.ActiveCfg = Debug|Any CPU
		{E763C1D4-8F94-438F-9887-E5715AA47F88}.Debug|Any CPU.Build.0 = Debug|Any CPU
		{E763C1D4-8F94-438F-9887-E5715AA47F88}.Release|Any CPU.ActiveCfg = Release|Any CPU
		{E763C1D4-8F94-438F-9887-E5715AA47F88}.Release|Any CPU.Build.0 = Release|Any CPU
		{F5E8BAD7-255C-4293-AF24-09790647F04A}.Debug|Any CPU.ActiveCfg = Debug|Any CPU
		{F5E8BAD7-255C-4293-AF24-09790647F04A}.Debug|Any CPU.Build.0 = Debug|Any CPU
		{F5E8BAD7-255C-4293-AF24-09790647F04A}.Release|Any CPU.ActiveCfg = Release|Any CPU
		{F5E8BAD7-255C-4293-AF24-09790647F04A}.Release|Any CPU.Build.0 = Release|Any CPU
		{4371E042-526D-412B-90CF-EDD64A241AA7}.Debug|Any CPU.ActiveCfg = Debug|Any CPU
		{4371E042-526D-412B-90CF-EDD64A241AA7}.Debug|Any CPU.Build.0 = Debug|Any CPU
		{4371E042-526D-412B-90CF-EDD64A241AA7}.Release|Any CPU.ActiveCfg = Release|Any CPU
		{4371E042-526D-412B-90CF-EDD64A241AA7}.Release|Any CPU.Build.0 = Release|Any CPU
		{618E239B-DAAC-4669-B71F-5E186B2601E4}.Debug|Any CPU.ActiveCfg = Debug|Any CPU
		{618E239B-DAAC-4669-B71F-5E186B2601E4}.Debug|Any CPU.Build.0 = Debug|Any CPU
		{618E239B-DAAC-4669-B71F-5E186B2601E4}.Release|Any CPU.ActiveCfg = Release|Any CPU
		{618E239B-DAAC-4669-B71F-5E186B2601E4}.Release|Any CPU.Build.0 = Release|Any CPU
		{4B12FBCC-026D-4776-98F2-E9E30E2E7791}.Debug|Any CPU.ActiveCfg = Debug|Any CPU
		{4B12FBCC-026D-4776-98F2-E9E30E2E7791}.Debug|Any CPU.Build.0 = Debug|Any CPU
		{4B12FBCC-026D-4776-98F2-E9E30E2E7791}.Release|Any CPU.ActiveCfg = Release|Any CPU
		{4B12FBCC-026D-4776-98F2-E9E30E2E7791}.Release|Any CPU.Build.0 = Release|Any CPU
		{6C8034B2-10C4-413B-B583-2584961908D4}.Debug|Any CPU.ActiveCfg = Debug|Any CPU
		{6C8034B2-10C4-413B-B583-2584961908D4}.Debug|Any CPU.Build.0 = Debug|Any CPU
		{6C8034B2-10C4-413B-B583-2584961908D4}.Release|Any CPU.ActiveCfg = Release|Any CPU
		{6C8034B2-10C4-413B-B583-2584961908D4}.Release|Any CPU.Build.0 = Release|Any CPU
		{8FEBBC03-681F-4F8F-9EE8-FD79919E9560}.Debug|Any CPU.ActiveCfg = Debug|Any CPU
		{8FEBBC03-681F-4F8F-9EE8-FD79919E9560}.Debug|Any CPU.Build.0 = Debug|Any CPU
		{8FEBBC03-681F-4F8F-9EE8-FD79919E9560}.Release|Any CPU.ActiveCfg = Release|Any CPU
		{8FEBBC03-681F-4F8F-9EE8-FD79919E9560}.Release|Any CPU.Build.0 = Release|Any CPU
		{4865E2D7-61A9-4472-9DC4-421B06FFEC20}.Debug|Any CPU.ActiveCfg = Debug|Any CPU
		{4865E2D7-61A9-4472-9DC4-421B06FFEC20}.Debug|Any CPU.Build.0 = Debug|Any CPU
		{4865E2D7-61A9-4472-9DC4-421B06FFEC20}.Release|Any CPU.ActiveCfg = Release|Any CPU
		{4865E2D7-61A9-4472-9DC4-421B06FFEC20}.Release|Any CPU.Build.0 = Release|Any CPU
		{16D7E923-4FF2-4118-B322-9F5D9A12EA7E}.Debug|Any CPU.ActiveCfg = Debug|Any CPU
		{16D7E923-4FF2-4118-B322-9F5D9A12EA7E}.Debug|Any CPU.Build.0 = Debug|Any CPU
		{16D7E923-4FF2-4118-B322-9F5D9A12EA7E}.Release|Any CPU.ActiveCfg = Release|Any CPU
		{16D7E923-4FF2-4118-B322-9F5D9A12EA7E}.Release|Any CPU.Build.0 = Release|Any CPU
		{49233F3C-CD78-4DF0-B156-C2306381F1C0}.Debug|Any CPU.ActiveCfg = Debug|Any CPU
		{49233F3C-CD78-4DF0-B156-C2306381F1C0}.Debug|Any CPU.Build.0 = Debug|Any CPU
		{49233F3C-CD78-4DF0-B156-C2306381F1C0}.Release|Any CPU.ActiveCfg = Release|Any CPU
		{49233F3C-CD78-4DF0-B156-C2306381F1C0}.Release|Any CPU.Build.0 = Release|Any CPU
		{2498E57D-F9F2-4976-A21D-ABC113D8D81C}.Debug|Any CPU.ActiveCfg = Debug|Any CPU
		{2498E57D-F9F2-4976-A21D-ABC113D8D81C}.Debug|Any CPU.Build.0 = Debug|Any CPU
		{2498E57D-F9F2-4976-A21D-ABC113D8D81C}.Release|Any CPU.ActiveCfg = Release|Any CPU
		{2498E57D-F9F2-4976-A21D-ABC113D8D81C}.Release|Any CPU.Build.0 = Release|Any CPU
		{65632813-F0F0-4276-84DC-2C37AFC6CD34}.Debug|Any CPU.ActiveCfg = Debug|Any CPU
		{65632813-F0F0-4276-84DC-2C37AFC6CD34}.Debug|Any CPU.Build.0 = Debug|Any CPU
		{65632813-F0F0-4276-84DC-2C37AFC6CD34}.Release|Any CPU.ActiveCfg = Release|Any CPU
		{65632813-F0F0-4276-84DC-2C37AFC6CD34}.Release|Any CPU.Build.0 = Release|Any CPU
		{38D00FB2-626A-4272-9F75-810DAA2DBC39}.Debug|Any CPU.ActiveCfg = Debug|Any CPU
		{38D00FB2-626A-4272-9F75-810DAA2DBC39}.Debug|Any CPU.Build.0 = Debug|Any CPU
		{38D00FB2-626A-4272-9F75-810DAA2DBC39}.Release|Any CPU.ActiveCfg = Release|Any CPU
		{38D00FB2-626A-4272-9F75-810DAA2DBC39}.Release|Any CPU.Build.0 = Release|Any CPU
		{5027D579-3674-4654-A419-DE734ABBB594}.Debug|Any CPU.ActiveCfg = Debug|Any CPU
		{5027D579-3674-4654-A419-DE734ABBB594}.Debug|Any CPU.Build.0 = Debug|Any CPU
		{5027D579-3674-4654-A419-DE734ABBB594}.Release|Any CPU.ActiveCfg = Release|Any CPU
		{5027D579-3674-4654-A419-DE734ABBB594}.Release|Any CPU.Build.0 = Release|Any CPU
		{DDB60A5D-E635-4A51-A020-08BDDE2233BE}.Debug|Any CPU.ActiveCfg = Debug|Any CPU
		{DDB60A5D-E635-4A51-A020-08BDDE2233BE}.Debug|Any CPU.Build.0 = Debug|Any CPU
		{DDB60A5D-E635-4A51-A020-08BDDE2233BE}.Release|Any CPU.ActiveCfg = Release|Any CPU
		{DDB60A5D-E635-4A51-A020-08BDDE2233BE}.Release|Any CPU.Build.0 = Release|Any CPU
		{C6CDB61A-B425-48B0-ABFB-616655984151}.Debug|Any CPU.ActiveCfg = Debug|Any CPU
		{C6CDB61A-B425-48B0-ABFB-616655984151}.Debug|Any CPU.Build.0 = Debug|Any CPU
		{C6CDB61A-B425-48B0-ABFB-616655984151}.Release|Any CPU.ActiveCfg = Release|Any CPU
		{C6CDB61A-B425-48B0-ABFB-616655984151}.Release|Any CPU.Build.0 = Release|Any CPU
		{BC3FBACB-E5A0-41DF-82A3-A28BA7AAE9A5}.Debug|Any CPU.ActiveCfg = Debug|Any CPU
		{BC3FBACB-E5A0-41DF-82A3-A28BA7AAE9A5}.Debug|Any CPU.Build.0 = Debug|Any CPU
		{BC3FBACB-E5A0-41DF-82A3-A28BA7AAE9A5}.Release|Any CPU.ActiveCfg = Release|Any CPU
		{BC3FBACB-E5A0-41DF-82A3-A28BA7AAE9A5}.Release|Any CPU.Build.0 = Release|Any CPU
		{89F2A07D-CB4B-490C-A9BE-552678540458}.Debug|Any CPU.ActiveCfg = Debug|Any CPU
		{89F2A07D-CB4B-490C-A9BE-552678540458}.Debug|Any CPU.Build.0 = Debug|Any CPU
		{89F2A07D-CB4B-490C-A9BE-552678540458}.Release|Any CPU.ActiveCfg = Release|Any CPU
		{89F2A07D-CB4B-490C-A9BE-552678540458}.Release|Any CPU.Build.0 = Release|Any CPU
		{B9407C5C-EC30-4C75-B96C-B5CA140D4A5C}.Debug|Any CPU.ActiveCfg = Debug|Any CPU
		{B9407C5C-EC30-4C75-B96C-B5CA140D4A5C}.Debug|Any CPU.Build.0 = Debug|Any CPU
		{B9407C5C-EC30-4C75-B96C-B5CA140D4A5C}.Release|Any CPU.ActiveCfg = Release|Any CPU
		{B9407C5C-EC30-4C75-B96C-B5CA140D4A5C}.Release|Any CPU.Build.0 = Release|Any CPU
		{41D6D367-7190-45A8-AF7C-8BBAEF28AAD7}.Debug|Any CPU.ActiveCfg = Debug|Any CPU
		{41D6D367-7190-45A8-AF7C-8BBAEF28AAD7}.Debug|Any CPU.Build.0 = Debug|Any CPU
		{41D6D367-7190-45A8-AF7C-8BBAEF28AAD7}.Release|Any CPU.ActiveCfg = Release|Any CPU
		{41D6D367-7190-45A8-AF7C-8BBAEF28AAD7}.Release|Any CPU.Build.0 = Release|Any CPU
		{D14BA9E9-CB7E-49FF-840A-18B1B8567E45}.Debug|Any CPU.ActiveCfg = Debug|Any CPU
		{D14BA9E9-CB7E-49FF-840A-18B1B8567E45}.Debug|Any CPU.Build.0 = Debug|Any CPU
		{D14BA9E9-CB7E-49FF-840A-18B1B8567E45}.Release|Any CPU.ActiveCfg = Release|Any CPU
		{D14BA9E9-CB7E-49FF-840A-18B1B8567E45}.Release|Any CPU.Build.0 = Release|Any CPU
		{9BA45C92-1475-4BE9-B4AA-B6692A14F65A}.Debug|Any CPU.ActiveCfg = Debug|Any CPU
		{9BA45C92-1475-4BE9-B4AA-B6692A14F65A}.Debug|Any CPU.Build.0 = Debug|Any CPU
		{9BA45C92-1475-4BE9-B4AA-B6692A14F65A}.Release|Any CPU.ActiveCfg = Release|Any CPU
		{9BA45C92-1475-4BE9-B4AA-B6692A14F65A}.Release|Any CPU.Build.0 = Release|Any CPU
		{ECCD95DC-2E45-42E7-99C0-7229E63664FB}.Debug|Any CPU.ActiveCfg = Debug|Any CPU
		{ECCD95DC-2E45-42E7-99C0-7229E63664FB}.Debug|Any CPU.Build.0 = Debug|Any CPU
		{ECCD95DC-2E45-42E7-99C0-7229E63664FB}.Release|Any CPU.ActiveCfg = Release|Any CPU
		{ECCD95DC-2E45-42E7-99C0-7229E63664FB}.Release|Any CPU.Build.0 = Release|Any CPU
		{6DDD4569-14CB-4EA3-8ADF-111DFC9E3327}.Debug|Any CPU.ActiveCfg = Debug|Any CPU
		{6DDD4569-14CB-4EA3-8ADF-111DFC9E3327}.Debug|Any CPU.Build.0 = Debug|Any CPU
		{6DDD4569-14CB-4EA3-8ADF-111DFC9E3327}.Release|Any CPU.ActiveCfg = Release|Any CPU
		{6DDD4569-14CB-4EA3-8ADF-111DFC9E3327}.Release|Any CPU.Build.0 = Release|Any CPU
		{E962C870-803D-44D8-A431-8AB118EEE545}.Debug|Any CPU.ActiveCfg = Debug|Any CPU
		{E962C870-803D-44D8-A431-8AB118EEE545}.Debug|Any CPU.Build.0 = Debug|Any CPU
		{E962C870-803D-44D8-A431-8AB118EEE545}.Release|Any CPU.ActiveCfg = Release|Any CPU
		{E962C870-803D-44D8-A431-8AB118EEE545}.Release|Any CPU.Build.0 = Release|Any CPU
		{49B3F8DB-62C8-4BBE-A1EC-85EA695A0874}.Debug|Any CPU.ActiveCfg = Debug|Any CPU
		{49B3F8DB-62C8-4BBE-A1EC-85EA695A0874}.Debug|Any CPU.Build.0 = Debug|Any CPU
		{49B3F8DB-62C8-4BBE-A1EC-85EA695A0874}.Release|Any CPU.ActiveCfg = Release|Any CPU
		{49B3F8DB-62C8-4BBE-A1EC-85EA695A0874}.Release|Any CPU.Build.0 = Release|Any CPU
		{749309C9-AA5A-464C-BE5D-1955A394AF69}.Debug|Any CPU.ActiveCfg = Debug|Any CPU
		{749309C9-AA5A-464C-BE5D-1955A394AF69}.Debug|Any CPU.Build.0 = Debug|Any CPU
		{749309C9-AA5A-464C-BE5D-1955A394AF69}.Release|Any CPU.ActiveCfg = Release|Any CPU
		{749309C9-AA5A-464C-BE5D-1955A394AF69}.Release|Any CPU.Build.0 = Release|Any CPU
		{2AB58242-3192-494B-BBCF-2F5DE56B788F}.Debug|Any CPU.ActiveCfg = Debug|Any CPU
		{2AB58242-3192-494B-BBCF-2F5DE56B788F}.Debug|Any CPU.Build.0 = Debug|Any CPU
		{2AB58242-3192-494B-BBCF-2F5DE56B788F}.Release|Any CPU.ActiveCfg = Release|Any CPU
		{2AB58242-3192-494B-BBCF-2F5DE56B788F}.Release|Any CPU.Build.0 = Release|Any CPU
		{C4726FAC-B1CA-4792-B9B6-4A774558BF0A}.Debug|Any CPU.ActiveCfg = Debug|Any CPU
		{C4726FAC-B1CA-4792-B9B6-4A774558BF0A}.Debug|Any CPU.Build.0 = Debug|Any CPU
		{C4726FAC-B1CA-4792-B9B6-4A774558BF0A}.Release|Any CPU.ActiveCfg = Release|Any CPU
		{C4726FAC-B1CA-4792-B9B6-4A774558BF0A}.Release|Any CPU.Build.0 = Release|Any CPU
		{14B97764-21DC-4933-BC58-CF7B6FBDF5E1}.Debug|Any CPU.ActiveCfg = Debug|Any CPU
		{14B97764-21DC-4933-BC58-CF7B6FBDF5E1}.Debug|Any CPU.Build.0 = Debug|Any CPU
		{14B97764-21DC-4933-BC58-CF7B6FBDF5E1}.Release|Any CPU.ActiveCfg = Release|Any CPU
		{14B97764-21DC-4933-BC58-CF7B6FBDF5E1}.Release|Any CPU.Build.0 = Release|Any CPU
		{18441743-B844-432B-99F6-3AA2E96CDAC0}.Debug|Any CPU.ActiveCfg = Debug|Any CPU
		{18441743-B844-432B-99F6-3AA2E96CDAC0}.Debug|Any CPU.Build.0 = Debug|Any CPU
		{18441743-B844-432B-99F6-3AA2E96CDAC0}.Release|Any CPU.ActiveCfg = Release|Any CPU
		{18441743-B844-432B-99F6-3AA2E96CDAC0}.Release|Any CPU.Build.0 = Release|Any CPU
		{6C7E53EB-6405-425B-A131-033D7D1B03D2}.Debug|Any CPU.ActiveCfg = Debug|Any CPU
		{6C7E53EB-6405-425B-A131-033D7D1B03D2}.Debug|Any CPU.Build.0 = Debug|Any CPU
		{6C7E53EB-6405-425B-A131-033D7D1B03D2}.Release|Any CPU.ActiveCfg = Release|Any CPU
		{6C7E53EB-6405-425B-A131-033D7D1B03D2}.Release|Any CPU.Build.0 = Release|Any CPU
		{05606CAA-65A0-46F3-B5F3-8C644AA67F60}.Debug|Any CPU.ActiveCfg = Debug|Any CPU
		{05606CAA-65A0-46F3-B5F3-8C644AA67F60}.Debug|Any CPU.Build.0 = Debug|Any CPU
		{05606CAA-65A0-46F3-B5F3-8C644AA67F60}.Release|Any CPU.ActiveCfg = Release|Any CPU
		{05606CAA-65A0-46F3-B5F3-8C644AA67F60}.Release|Any CPU.Build.0 = Release|Any CPU
		{06716715-ABA4-4C64-89C8-59B01D0F9A9E}.Debug|Any CPU.ActiveCfg = Debug|Any CPU
		{06716715-ABA4-4C64-89C8-59B01D0F9A9E}.Debug|Any CPU.Build.0 = Debug|Any CPU
		{06716715-ABA4-4C64-89C8-59B01D0F9A9E}.Release|Any CPU.ActiveCfg = Release|Any CPU
		{06716715-ABA4-4C64-89C8-59B01D0F9A9E}.Release|Any CPU.Build.0 = Release|Any CPU
	EndGlobalSection
	GlobalSection(SolutionProperties) = preSolution
		HideSolutionNode = FALSE
	EndGlobalSection
EndGlobal
